// !$*UTF8*$!
{
	archiveVersion = 1;
	classes = {
	};
	objectVersion = 55;
	objects = {

/* Begin PBXBuildFile section */
		793D7AF4287C725C00E8F398 /* AstronautView.swift in Sources */ = {isa = PBXBuildFile; fileRef = 793D7AF3287C725C00E8F398 /* AstronautView.swift */; };
		79DDA0F62874743A001A7B49 /* MoonShotApp.swift in Sources */ = {isa = PBXBuildFile; fileRef = 79DDA0F52874743A001A7B49 /* MoonShotApp.swift */; };
		79DDA0F82874743A001A7B49 /* ContentView.swift in Sources */ = {isa = PBXBuildFile; fileRef = 79DDA0F72874743A001A7B49 /* ContentView.swift */; };
		79DDA10628749946001A7B49 /* astronauts.json in Resources */ = {isa = PBXBuildFile; fileRef = 79DDA10528749946001A7B49 /* astronauts.json */; };
		79DDA10828749953001A7B49 /* missions.json in Resources */ = {isa = PBXBuildFile; fileRef = 79DDA10728749953001A7B49 /* missions.json */; };
		79DDA10A28749AE5001A7B49 /* Assets.xcassets in Resources */ = {isa = PBXBuildFile; fileRef = 79DDA10928749AE5001A7B49 /* Assets.xcassets */; };
		79DDA10C28749B24001A7B49 /* Astronaut.swift in Sources */ = {isa = PBXBuildFile; fileRef = 79DDA10B28749B24001A7B49 /* Astronaut.swift */; };
		79DDA10E28749C1C001A7B49 /* Bundle-Decodable.swift in Sources */ = {isa = PBXBuildFile; fileRef = 79DDA10D28749C1C001A7B49 /* Bundle-Decodable.swift */; };
		79DDA11028749EAB001A7B49 /* Mission.swift in Sources */ = {isa = PBXBuildFile; fileRef = 79DDA10F28749EAB001A7B49 /* Mission.swift */; };
		79DDA1122875D922001A7B49 /* Color-Theme.swift in Sources */ = {isa = PBXBuildFile; fileRef = 79DDA1112875D922001A7B49 /* Color-Theme.swift */; };
		79DDA1142875DCBA001A7B49 /* MissionView.swift in Sources */ = {isa = PBXBuildFile; fileRef = 79DDA1132875DCBA001A7B49 /* MissionView.swift */; };
/* End PBXBuildFile section */

/* Begin PBXFileReference section */
		793D7AF3287C725C00E8F398 /* AstronautView.swift */ = {isa = PBXFileReference; lastKnownFileType = sourcecode.swift; path = AstronautView.swift; sourceTree = "<group>"; };
		79DDA0F22874743A001A7B49 /* MoonShot.app */ = {isa = PBXFileReference; explicitFileType = wrapper.application; includeInIndex = 0; path = MoonShot.app; sourceTree = BUILT_PRODUCTS_DIR; };
		79DDA0F52874743A001A7B49 /* MoonShotApp.swift */ = {isa = PBXFileReference; lastKnownFileType = sourcecode.swift; path = MoonShotApp.swift; sourceTree = "<group>"; };
		79DDA0F72874743A001A7B49 /* ContentView.swift */ = {isa = PBXFileReference; lastKnownFileType = sourcecode.swift; path = ContentView.swift; sourceTree = "<group>"; };
		79DDA10528749946001A7B49 /* astronauts.json */ = {isa = PBXFileReference; fileEncoding = 4; lastKnownFileType = text.json; name = astronauts.json; path = "../../HackingWithSwift-main/SwiftUI/project8/Moonshot/astronauts.json"; sourceTree = "<group>"; };
		79DDA10728749953001A7B49 /* missions.json */ = {isa = PBXFileReference; fileEncoding = 4; lastKnownFileType = text.json; name = missions.json; path = "../../HackingWithSwift-main/SwiftUI/project8/Moonshot/missions.json"; sourceTree = "<group>"; };
		79DDA10928749AE5001A7B49 /* Assets.xcassets */ = {isa = PBXFileReference; lastKnownFileType = folder.assetcatalog; path = Assets.xcassets; sourceTree = "<group>"; };
		79DDA10B28749B24001A7B49 /* Astronaut.swift */ = {isa = PBXFileReference; lastKnownFileType = sourcecode.swift; path = Astronaut.swift; sourceTree = "<group>"; };
		79DDA10D28749C1C001A7B49 /* Bundle-Decodable.swift */ = {isa = PBXFileReference; lastKnownFileType = sourcecode.swift; path = "Bundle-Decodable.swift"; sourceTree = "<group>"; };
		79DDA10F28749EAB001A7B49 /* Mission.swift */ = {isa = PBXFileReference; lastKnownFileType = sourcecode.swift; path = Mission.swift; sourceTree = "<group>"; };
		79DDA1112875D922001A7B49 /* Color-Theme.swift */ = {isa = PBXFileReference; lastKnownFileType = sourcecode.swift; path = "Color-Theme.swift"; sourceTree = "<group>"; };
		79DDA1132875DCBA001A7B49 /* MissionView.swift */ = {isa = PBXFileReference; lastKnownFileType = sourcecode.swift; path = MissionView.swift; sourceTree = "<group>"; };
/* End PBXFileReference section */

/* Begin PBXFrameworksBuildPhase section */
		79DDA0EF2874743A001A7B49 /* Frameworks */ = {
			isa = PBXFrameworksBuildPhase;
			buildActionMask = 2147483647;
			files = (
			);
			runOnlyForDeploymentPostprocessing = 0;
		};
/* End PBXFrameworksBuildPhase section */

/* Begin PBXGroup section */
		79DDA0E92874743A001A7B49 = {
			isa = PBXGroup;
			children = (
				79DDA0F42874743A001A7B49 /* MoonShot */,
				79DDA0F32874743A001A7B49 /* Products */,
			);
			sourceTree = "<group>";
		};
		79DDA0F32874743A001A7B49 /* Products */ = {
			isa = PBXGroup;
			children = (
				79DDA0F22874743A001A7B49 /* MoonShot.app */,
			);
			name = Products;
			sourceTree = "<group>";
		};
		79DDA0F42874743A001A7B49 /* MoonShot */ = {
			isa = PBXGroup;
			children = (
				79DDA1132875DCBA001A7B49 /* MissionView.swift */,
				793D7AF3287C725C00E8F398 /* AstronautView.swift */,
				79DDA1112875D922001A7B49 /* Color-Theme.swift */,
				79DDA10B28749B24001A7B49 /* Astronaut.swift */,
				79DDA10D28749C1C001A7B49 /* Bundle-Decodable.swift */,
				79DDA0F52874743A001A7B49 /* MoonShotApp.swift */,
				79DDA0F72874743A001A7B49 /* ContentView.swift */,
				79DDA10F28749EAB001A7B49 /* Mission.swift */,
				79DDA10528749946001A7B49 /* astronauts.json */,
				79DDA10728749953001A7B49 /* missions.json */,
				79DDA0FB2874743B001A7B49 /* Preview Content */,
			);
			path = MoonShot;
			sourceTree = "<group>";
		};
		79DDA0FB2874743B001A7B49 /* Preview Content */ = {
			isa = PBXGroup;
			children = (
				79DDA10928749AE5001A7B49 /* Assets.xcassets */,
			);
			path = "Preview Content";
			sourceTree = "<group>";
		};
/* End PBXGroup section */

/* Begin PBXNativeTarget section */
		79DDA0F12874743A001A7B49 /* MoonShot */ = {
			isa = PBXNativeTarget;
			buildConfigurationList = 79DDA1002874743B001A7B49 /* Build configuration list for PBXNativeTarget "MoonShot" */;
			buildPhases = (
				79DDA0EE2874743A001A7B49 /* Sources */,
				79DDA0EF2874743A001A7B49 /* Frameworks */,
				79DDA0F02874743A001A7B49 /* Resources */,
			);
			buildRules = (
			);
			dependencies = (
			);
			name = MoonShot;
			productName = MoonShot;
			productReference = 79DDA0F22874743A001A7B49 /* MoonShot.app */;
			productType = "com.apple.product-type.application";
		};
/* End PBXNativeTarget section */

/* Begin PBXProject section */
		79DDA0EA2874743A001A7B49 /* Project object */ = {
			isa = PBXProject;
			attributes = {
				BuildIndependentTargetsInParallel = 1;
				LastSwiftUpdateCheck = 1330;
				LastUpgradeCheck = 1330;
				TargetAttributes = {
					79DDA0F12874743A001A7B49 = {
						CreatedOnToolsVersion = 13.3.1;
					};
				};
			};
			buildConfigurationList = 79DDA0ED2874743A001A7B49 /* Build configuration list for PBXProject "MoonShot" */;
			compatibilityVersion = "Xcode 13.0";
			developmentRegion = en;
			hasScannedForEncodings = 0;
			knownRegions = (
				en,
				Base,
			);
			mainGroup = 79DDA0E92874743A001A7B49;
			productRefGroup = 79DDA0F32874743A001A7B49 /* Products */;
			projectDirPath = "";
			projectRoot = "";
			targets = (
				79DDA0F12874743A001A7B49 /* MoonShot */,
			);
		};
/* End PBXProject section */

/* Begin PBXResourcesBuildPhase section */
		79DDA0F02874743A001A7B49 /* Resources */ = {
			isa = PBXResourcesBuildPhase;
			buildActionMask = 2147483647;
			files = (
				79DDA10628749946001A7B49 /* astronauts.json in Resources */,
				79DDA10A28749AE5001A7B49 /* Assets.xcassets in Resources */,
				79DDA10828749953001A7B49 /* missions.json in Resources */,
			);
			runOnlyForDeploymentPostprocessing = 0;
		};
/* End PBXResourcesBuildPhase section */

/* Begin PBXSourcesBuildPhase section */
		79DDA0EE2874743A001A7B49 /* Sources */ = {
			isa = PBXSourcesBuildPhase;
			buildActionMask = 2147483647;
			files = (
				79DDA1142875DCBA001A7B49 /* MissionView.swift in Sources */,
				79DDA10C28749B24001A7B49 /* Astronaut.swift in Sources */,
				793D7AF4287C725C00E8F398 /* AstronautView.swift in Sources */,
				79DDA1122875D922001A7B49 /* Color-Theme.swift in Sources */,
				79DDA0F82874743A001A7B49 /* ContentView.swift in Sources */,
				79DDA0F62874743A001A7B49 /* MoonShotApp.swift in Sources */,
				79DDA11028749EAB001A7B49 /* Mission.swift in Sources */,
				79DDA10E28749C1C001A7B49 /* Bundle-Decodable.swift in Sources */,
			);
			runOnlyForDeploymentPostprocessing = 0;
		};
/* End PBXSourcesBuildPhase section */

/* Begin XCBuildConfiguration section */
		79DDA0FE2874743B001A7B49 /* Debug */ = {
			isa = XCBuildConfiguration;
			buildSettings = {
				ALWAYS_SEARCH_USER_PATHS = NO;
				CLANG_ANALYZER_NONNULL = YES;
				CLANG_ANALYZER_NUMBER_OBJECT_CONVERSION = YES_AGGRESSIVE;
				CLANG_CXX_LANGUAGE_STANDARD = "gnu++17";
				CLANG_ENABLE_MODULES = YES;
				CLANG_ENABLE_OBJC_ARC = YES;
				CLANG_ENABLE_OBJC_WEAK = YES;
				CLANG_WARN_BLOCK_CAPTURE_AUTORELEASING = YES;
				CLANG_WARN_BOOL_CONVERSION = YES;
				CLANG_WARN_COMMA = YES;
				CLANG_WARN_CONSTANT_CONVERSION = YES;
				CLANG_WARN_DEPRECATED_OBJC_IMPLEMENTATIONS = YES;
				CLANG_WARN_DIRECT_OBJC_ISA_USAGE = YES_ERROR;
				CLANG_WARN_DOCUMENTATION_COMMENTS = YES;
				CLANG_WARN_EMPTY_BODY = YES;
				CLANG_WARN_ENUM_CONVERSION = YES;
				CLANG_WARN_INFINITE_RECURSION = YES;
				CLANG_WARN_INT_CONVERSION = YES;
				CLANG_WARN_NON_LITERAL_NULL_CONVERSION = YES;
				CLANG_WARN_OBJC_IMPLICIT_RETAIN_SELF = YES;
				CLANG_WARN_OBJC_LITERAL_CONVERSION = YES;
				CLANG_WARN_OBJC_ROOT_CLASS = YES_ERROR;
				CLANG_WARN_QUOTED_INCLUDE_IN_FRAMEWORK_HEADER = YES;
				CLANG_WARN_RANGE_LOOP_ANALYSIS = YES;
				CLANG_WARN_STRICT_PROTOTYPES = YES;
				CLANG_WARN_SUSPICIOUS_MOVE = YES;
				CLANG_WARN_UNGUARDED_AVAILABILITY = YES_AGGRESSIVE;
				CLANG_WARN_UNREACHABLE_CODE = YES;
				CLANG_WARN__DUPLICATE_METHOD_MATCH = YES;
				COPY_PHASE_STRIP = NO;
				DEBUG_INFORMATION_FORMAT = dwarf;
				ENABLE_STRICT_OBJC_MSGSEND = YES;
				ENABLE_TESTABILITY = YES;
				GCC_C_LANGUAGE_STANDARD = gnu11;
				GCC_DYNAMIC_NO_PIC = NO;
				GCC_NO_COMMON_BLOCKS = YES;
				GCC_OPTIMIZATION_LEVEL = 0;
				GCC_PREPROCESSOR_DEFINITIONS = (
					"DEBUG=1",
					"$(inherited)",
				);
				GCC_WARN_64_TO_32_BIT_CONVERSION = YES;
				GCC_WARN_ABOUT_RETURN_TYPE = YES_ERROR;
				GCC_WARN_UNDECLARED_SELECTOR = YES;
				GCC_WARN_UNINITIALIZED_AUTOS = YES_AGGRESSIVE;
				GCC_WARN_UNUSED_FUNCTION = YES;
				GCC_WARN_UNUSED_VARIABLE = YES;
				IPHONEOS_DEPLOYMENT_TARGET = 15.4;
				MTL_ENABLE_DEBUG_INFO = INCLUDE_SOURCE;
				MTL_FAST_MATH = YES;
				ONLY_ACTIVE_ARCH = YES;
				SDKROOT = iphoneos;
				SWIFT_ACTIVE_COMPILATION_CONDITIONS = DEBUG;
				SWIFT_OPTIMIZATION_LEVEL = "-Onone";
			};
			name = Debug;
		};
		79DDA0FF2874743B001A7B49 /* Release */ = {
			isa = XCBuildConfiguration;
			buildSettings = {
				ALWAYS_SEARCH_USER_PATHS = NO;
				CLANG_ANALYZER_NONNULL = YES;
				CLANG_ANALYZER_NUMBER_OBJECT_CONVERSION = YES_AGGRESSIVE;
				CLANG_CXX_LANGUAGE_STANDARD = "gnu++17";
				CLANG_ENABLE_MODULES = YES;
				CLANG_ENABLE_OBJC_ARC = YES;
				CLANG_ENABLE_OBJC_WEAK = YES;
				CLANG_WARN_BLOCK_CAPTURE_AUTORELEASING = YES;
				CLANG_WARN_BOOL_CONVERSION = YES;
				CLANG_WARN_COMMA = YES;
				CLANG_WARN_CONSTANT_CONVERSION = YES;
				CLANG_WARN_DEPRECATED_OBJC_IMPLEMENTATIONS = YES;
				CLANG_WARN_DIRECT_OBJC_ISA_USAGE = YES_ERROR;
				CLANG_WARN_DOCUMENTATION_COMMENTS = YES;
				CLANG_WARN_EMPTY_BODY = YES;
				CLANG_WARN_ENUM_CONVERSION = YES;
				CLANG_WARN_INFINITE_RECURSION = YES;
				CLANG_WARN_INT_CONVERSION = YES;
				CLANG_WARN_NON_LITERAL_NULL_CONVERSION = YES;
				CLANG_WARN_OBJC_IMPLICIT_RETAIN_SELF = YES;
				CLANG_WARN_OBJC_LITERAL_CONVERSION = YES;
				CLANG_WARN_OBJC_ROOT_CLASS = YES_ERROR;
				CLANG_WARN_QUOTED_INCLUDE_IN_FRAMEWORK_HEADER = YES;
				CLANG_WARN_RANGE_LOOP_ANALYSIS = YES;
				CLANG_WARN_STRICT_PROTOTYPES = YES;
				CLANG_WARN_SUSPICIOUS_MOVE = YES;
				CLANG_WARN_UNGUARDED_AVAILABILITY = YES_AGGRESSIVE;
				CLANG_WARN_UNREACHABLE_CODE = YES;
				CLANG_WARN__DUPLICATE_METHOD_MATCH = YES;
				COPY_PHASE_STRIP = NO;
				DEBUG_INFORMATION_FORMAT = "dwarf-with-dsym";
				ENABLE_NS_ASSERTIONS = NO;
				ENABLE_STRICT_OBJC_MSGSEND = YES;
				GCC_C_LANGUAGE_STANDARD = gnu11;
				GCC_NO_COMMON_BLOCKS = YES;
				GCC_WARN_64_TO_32_BIT_CONVERSION = YES;
				GCC_WARN_ABOUT_RETURN_TYPE = YES_ERROR;
				GCC_WARN_UNDECLARED_SELECTOR = YES;
				GCC_WARN_UNINITIALIZED_AUTOS = YES_AGGRESSIVE;
				GCC_WARN_UNUSED_FUNCTION = YES;
				GCC_WARN_UNUSED_VARIABLE = YES;
				IPHONEOS_DEPLOYMENT_TARGET = 15.4;
				MTL_ENABLE_DEBUG_INFO = NO;
				MTL_FAST_MATH = YES;
				SDKROOT = iphoneos;
				SWIFT_COMPILATION_MODE = wholemodule;
				SWIFT_OPTIMIZATION_LEVEL = "-O";
				VALIDATE_PRODUCT = YES;
			};
			name = Release;
		};
		79DDA1012874743B001A7B49 /* Debug */ = {
			isa = XCBuildConfiguration;
			buildSettings = {
				ASSETCATALOG_COMPILER_APPICON_NAME = AppIcon;
				ASSETCATALOG_COMPILER_GLOBAL_ACCENT_COLOR_NAME = AccentColor;
				CODE_SIGN_STYLE = Automatic;
				CURRENT_PROJECT_VERSION = 1;
				DEVELOPMENT_ASSET_PATHS = "\"MoonShot/Preview Content\"";
				ENABLE_PREVIEWS = YES;
				GENERATE_INFOPLIST_FILE = YES;
				INFOPLIST_KEY_UIApplicationSceneManifest_Generation = YES;
				INFOPLIST_KEY_UIApplicationSupportsIndirectInputEvents = YES;
				INFOPLIST_KEY_UILaunchScreen_Generation = YES;
				INFOPLIST_KEY_UISupportedInterfaceOrientations_iPad = "UIInterfaceOrientationPortrait UIInterfaceOrientationPortraitUpsideDown UIInterfaceOrientationLandscapeLeft UIInterfaceOrientationLandscapeRight";
				INFOPLIST_KEY_UISupportedInterfaceOrientations_iPhone = "UIInterfaceOrientationPortrait UIInterfaceOrientationLandscapeLeft UIInterfaceOrientationLandscapeRight";
				LD_RUNPATH_SEARCH_PATHS = (
					"$(inherited)",
					"@executable_path/Frameworks",
				);
				MARKETING_VERSION = 1.0;
				PRODUCT_BUNDLE_IDENTIFIER = me.joaquinortiz.algenis.MoonShot;
				PRODUCT_NAME = "$(TARGET_NAME)";
				SWIFT_EMIT_LOC_STRINGS = YES;
				SWIFT_VERSION = 5.0;
				TARGETED_DEVICE_FAMILY = "1,2";
			};
			name = Debug;
		};
		79DDA1022874743B001A7B49 /* Release */ = {
			isa = XCBuildConfiguration;
			buildSettings = {
				ASSETCATALOG_COMPILER_APPICON_NAME = AppIcon;
				ASSETCATALOG_COMPILER_GLOBAL_ACCENT_COLOR_NAME = AccentColor;
				CODE_SIGN_STYLE = Automatic;
				CURRENT_PROJECT_VERSION = 1;
				DEVELOPMENT_ASSET_PATHS = "\"MoonShot/Preview Content\"";
				ENABLE_PREVIEWS = YES;
				GENERATE_INFOPLIST_FILE = YES;
				INFOPLIST_KEY_UIApplicationSceneManifest_Generation = YES;
				INFOPLIST_KEY_UIApplicationSupportsIndirectInputEvents = YES;
				INFOPLIST_KEY_UILaunchScreen_Generation = YES;
				INFOPLIST_KEY_UISupportedInterfaceOrientations_iPad = "UIInterfaceOrientationPortrait UIInterfaceOrientationPortraitUpsideDown UIInterfaceOrientationLandscapeLeft UIInterfaceOrientationLandscapeRight";
				INFOPLIST_KEY_UISupportedInterfaceOrientations_iPhone = "UIInterfaceOrientationPortrait UIInterfaceOrientationLandscapeLeft UIInterfaceOrientationLandscapeRight";
				LD_RUNPATH_SEARCH_PATHS = (
					"$(inherited)",
					"@executable_path/Frameworks",
				);
				MARKETING_VERSION = 1.0;
				PRODUCT_BUNDLE_IDENTIFIER = me.joaquinortiz.algenis.MoonShot;
				PRODUCT_NAME = "$(TARGET_NAME)";
				SWIFT_EMIT_LOC_STRINGS = YES;
				SWIFT_VERSION = 5.0;
				TARGETED_DEVICE_FAMILY = "1,2";
			};
			name = Release;
		};
/* End XCBuildConfiguration section */

/* Begin XCConfigurationList section */
		79DDA0ED2874743A001A7B49 /* Build configuration list for PBXProject "MoonShot" */ = {
			isa = XCConfigurationList;
			buildConfigurations = (
				79DDA0FE2874743B001A7B49 /* Debug */,
				79DDA0FF2874743B001A7B49 /* Release */,
			);
			defaultConfigurationIsVisible = 0;
			defaultConfigurationName = Release;
		};
		79DDA1002874743B001A7B49 /* Build configuration list for PBXNativeTarget "MoonShot" */ = {
			isa = XCConfigurationList;
			buildConfigurations = (
				79DDA1012874743B001A7B49 /* Debug */,
				79DDA1022874743B001A7B49 /* Release */,
			);
			defaultConfigurationIsVisible = 0;
			defaultConfigurationName = Release;
		};
/* End XCConfigurationList section */
	};
	rootObject = 79DDA0EA2874743A001A7B49 /* Project object */;
}
